// !$*UTF8*$!
{
	archiveVersion = 1;
	classes = {
	};
	objectVersion = 56;
	objects = {

/* Begin PBXBuildFile section */
		B1000001 /* VehicleSimAppApp.swift in Sources */ = {isa = PBXBuildFile; fileRef = B2000001 /* VehicleSimAppApp.swift */; };
		B1000002 /* ContentView.swift in Sources */ = {isa = PBXBuildFile; fileRef = B2000002 /* ContentView.swift */; };
		B1000003 /* VehicleViewModel.swift in Sources */ = {isa = PBXBuildFile; fileRef = B2000003 /* VehicleViewModel.swift */; };
		B1000005 /* VehicleSimWrapper.mm in Sources */ = {isa = PBXBuildFile; fileRef = B2000005 /* VehicleSimWrapper.mm */; };
		B1000010 /* VehicleSim.cpp in Sources */ = {isa = PBXBuildFile; fileRef = B2000010 /* VehicleSim.cpp */; };
		B1000011 /* TelemetryFormatter.cpp in Sources */ = {isa = PBXBuildFile; fileRef = B2000011 /* TelemetryFormatter.cpp */; };
		B1000012 /* BLEManager.cpp in Sources */ = {isa = PBXBuildFile; fileRef = B2000012 /* BLEManager.cpp */; };
		B1000013 /* BLEManagerBase.cpp in Sources */ = {isa = PBXBuildFile; fileRef = B2000013 /* BLEManagerBase.cpp */; };
		B1000014 /* TeslaBLETransport.cpp in Sources */ = {isa = PBXBuildFile; fileRef = B2000014 /* TeslaBLETransport.cpp */; };
		B1000015 /* BLEManagerMock.cpp in Sources */ = {isa = PBXBuildFile; fileRef = B2000015 /* BLEManagerMock.cpp */; };
		B1000016 /* ConfigLoader.cpp in Sources */ = {isa = PBXBuildFile; fileRef = B2000016 /* ConfigLoader.cpp */; };
		B1000017 /* VehicleSignal.cpp in Sources */ = {isa = PBXBuildFile; fileRef = B2000017 /* VehicleSignal.cpp */; };
		B1000018 /* TelemetrySignal.cpp in Sources */ = {isa = PBXBuildFile; fileRef = B2000018 /* TelemetrySignal.cpp */; };
		B1000021 /* EventDispatcher.cpp in Sources */ = {isa = PBXBuildFile; fileRef = B2000021 /* EventDispatcher.cpp */; };
		B1000022 /* BLEManageriOS.mm in Sources */ = {isa = PBXBuildFile; fileRef = B2000022 /* BLEManageriOS.mm */; settings = {COMPILER_FLAGS = "-fno-objc-arc"; }; };
		B1000023 /* OBD2SignalTranslator.cpp in Sources */ = {isa = PBXBuildFile; fileRef = B2000023 /* OBD2SignalTranslator.cpp */; };
		B1000025 /* OBD2Transport.cpp in Sources */ = {isa = PBXBuildFile; fileRef = B2000025 /* OBD2Transport.cpp */; };
		B1000030 /* CoreBluetooth.framework in Frameworks */ = {isa = PBXBuildFile; fileRef = B2000030 /* CoreBluetooth.framework */; };
		B1000032 /* Assets.xcassets in Resources */ = {isa = PBXBuildFile; fileRef = B2000032 /* Assets.xcassets */; };
		B1A00000 /* CANDecoder.cpp in Sources */ = {isa = PBXBuildFile; fileRef = B2A00000 /* CANDecoder.cpp */; };
		B1A00002 /* DBCFileParser.cpp in Sources */ = {isa = PBXBuildFile; fileRef = B2A00002 /* DBCFileParser.cpp */; };
		B1A00003 /* DBCSignalDefinition.cpp in Sources */ = {isa = PBXBuildFile; fileRef = B2A00003 /* DBCSignalDefinition.cpp */; };
		B1A00004 /* DBCSignalMapper.cpp in Sources */ = {isa = PBXBuildFile; fileRef = B2A00004 /* DBCSignalMapper.cpp */; };
		B1A00005 /* DBCSignalTranslator.cpp in Sources */ = {isa = PBXBuildFile; fileRef = B2A00005 /* DBCSignalTranslator.cpp */; };
		B1A00006 /* DBCTranslationService.cpp in Sources */ = {isa = PBXBuildFile; fileRef = B2A00006 /* DBCTranslationService.cpp */; };
		B1A00007 /* DefaultVehicleConfigs.cpp in Sources */ = {isa = PBXBuildFile; fileRef = B2A00007 /* DefaultVehicleConfigs.cpp */; };
		B1A00008 /* ITimeProvider.cpp in Sources */ = {isa = PBXBuildFile; fileRef = B2A00008 /* ITimeProvider.cpp */; };
		B1A00009 /* OBD2SignalTranslatorBase.cpp in Sources */ = {isa = PBXBuildFile; fileRef = B2A00009 /* OBD2SignalTranslatorBase.cpp */; };
		B1A0000B /* VehicleConfig.cpp in Sources */ = {isa = PBXBuildFile; fileRef = B2A0000B /* VehicleConfig.cpp */; };
		B1A0000C /* VehicleDetector.cpp in Sources */ = {isa = PBXBuildFile; fileRef = B2A0000C /* VehicleDetector.cpp */; };
		B1A0000D /* VehicleSignalFactory.cpp in Sources */ = {isa = PBXBuildFile; fileRef = B2A0000D /* VehicleSignalFactory.cpp */; };
		B1A0000F /* VehicleSignalFormatter.cpp in Sources */ = {isa = PBXBuildFile; fileRef = B2A0000F /* VehicleSignalFormatter.cpp */; };
		B1A00011 /* ELM327Transport.cpp in Sources */ = {isa = PBXBuildFile; fileRef = B2A00011 /* ELM327Transport.cpp */; };
		B1A00012 /* OBD2Protocol.cpp in Sources */ = {isa = PBXBuildFile; fileRef = B2A00012 /* OBD2Protocol.cpp */; };
		B1A00014 /* Gear.h in Sources */ = {isa = PBXBuildFile; fileRef = B2A00014 /* Gear.h */; };
		B1A00015 /* ISignalSource.h in Sources */ = {isa = PBXBuildFile; fileRef = B2A00015 /* ISignalSource.h */; };
		B1A00016 /* DemoSignalSource.h in Sources */ = {isa = PBXBuildFile; fileRef = B2A00016 /* DemoSignalSource.h */; };
		B1A00017 /* DemoSignalSource.cpp in Sources */ = {isa = PBXBuildFile; fileRef = B2A00017 /* DemoSignalSource.cpp */; };
		B1A00018 /* BLESignalSource.h in Sources */ = {isa = PBXBuildFile; fileRef = B2A00018 /* BLESignalSource.h */; };
		B1A00019 /* BLESignalSource.cpp in Sources */ = {isa = PBXBuildFile; fileRef = B2A00019 /* BLESignalSource.cpp */; };
		B1A0001A /* IOSDBCContentProvider.mm in Sources */ = {isa = PBXBuildFile; fileRef = B2A0001A /* IOSDBCContentProvider.mm */; settings = {COMPILER_FLAGS = "-fno-objc-arc"; }; };
		B1D00001 /* Model3CAN.dbc in Resources */ = {isa = PBXBuildFile; fileRef = B2D00001 /* Model3CAN.dbc */; };
		B1D00002 /* vw_mlb.dbc in Resources */ = {isa = PBXBuildFile; fileRef = B2D00002 /* vw_mlb.dbc */; };
/* End PBXBuildFile section */

/* Begin PBXFileReference section */
		B2000001 /* VehicleSimAppApp.swift */ = {isa = PBXFileReference; lastKnownFileType = sourcecode.swift; path = VehicleSimAppApp.swift; sourceTree = "<group>"; };
		B2000002 /* ContentView.swift */ = {isa = PBXFileReference; lastKnownFileType = sourcecode.swift; path = ContentView.swift; sourceTree = "<group>"; };
		B2000003 /* VehicleViewModel.swift */ = {isa = PBXFileReference; lastKnownFileType = sourcecode.swift; path = VehicleViewModel.swift; sourceTree = "<group>"; };
		B2000004 /* VehicleSimWrapper.h */ = {isa = PBXFileReference; lastKnownFileType = sourcecode.c.h; path = VehicleSimWrapper.h; sourceTree = "<group>"; };
		B2000005 /* VehicleSimWrapper.mm */ = {isa = PBXFileReference; lastKnownFileType = sourcecode.cpp.objcpp; path = VehicleSimWrapper.mm; sourceTree = "<group>"; };
		B2000006 /* Info.plist */ = {isa = PBXFileReference; lastKnownFileType = text.plist.xml; path = Info.plist; sourceTree = "<group>"; };
		B2000007 /* VehicleSim-Bridging-Header.h */ = {isa = PBXFileReference; lastKnownFileType = sourcecode.c.h; path = "VehicleSim-Bridging-Header.h"; sourceTree = "<group>"; };
		B2000010 /* VehicleSim.cpp */ = {isa = PBXFileReference; lastKnownFileType = sourcecode.cpp.cpp; name = VehicleSim.cpp; path = ../../src/VehicleSim.cpp; sourceTree = "<group>"; };
		B2000011 /* TelemetryFormatter.cpp */ = {isa = PBXFileReference; lastKnownFileType = sourcecode.cpp.cpp; name = TelemetryFormatter.cpp; path = ../../src/presentation/TelemetryFormatter.cpp; sourceTree = "<group>"; };
		B2000012 /* BLEManager.cpp */ = {isa = PBXFileReference; lastKnownFileType = sourcecode.cpp.cpp; name = BLEManager.cpp; path = ../../src/ble/BLEManager.cpp; sourceTree = "<group>"; };
		B2000013 /* BLEManagerBase.cpp */ = {isa = PBXFileReference; lastKnownFileType = sourcecode.cpp.cpp; name = BLEManagerBase.cpp; path = ../../src/ble/BLEManagerBase.cpp; sourceTree = "<group>"; };
		B2000014 /* TeslaBLETransport.cpp */ = {isa = PBXFileReference; lastKnownFileType = sourcecode.cpp.cpp; name = TeslaBLETransport.cpp; path = ../../src/ble/TeslaBLETransport.cpp; sourceTree = "<group>"; };
		B2000015 /* BLEManagerMock.cpp */ = {isa = PBXFileReference; lastKnownFileType = sourcecode.cpp.cpp; name = BLEManagerMock.cpp; path = ../../src/ble/platform/BLEManagerMock.cpp; sourceTree = "<group>"; };
		B2000016 /* ConfigLoader.cpp */ = {isa = PBXFileReference; lastKnownFileType = sourcecode.cpp.cpp; name = ConfigLoader.cpp; path = ../../src/config/ConfigLoader.cpp; sourceTree = "<group>"; };
		B2000017 /* VehicleSignal.cpp */ = {isa = PBXFileReference; lastKnownFileType = sourcecode.cpp.cpp; name = VehicleSignal.cpp; path = ../../src/domain/VehicleSignal.cpp; sourceTree = "<group>"; };
		B2000018 /* TelemetrySignal.cpp */ = {isa = PBXFileReference; lastKnownFileType = sourcecode.cpp.cpp; name = TelemetrySignal.cpp; path = ../../src/domain/TelemetrySignal.cpp; sourceTree = "<group>"; };
		B2000021 /* EventDispatcher.cpp */ = {isa = PBXFileReference; lastKnownFileType = sourcecode.cpp.cpp; name = EventDispatcher.cpp; path = ../../src/domain/EventDispatcher.cpp; sourceTree = "<group>"; };
		B2000022 /* BLEManageriOS.mm */ = {isa = PBXFileReference; lastKnownFileType = sourcecode.cpp.objcpp; name = BLEManageriOS.mm; path = ../../src/ble/platform/BLEManageriOS.mm; sourceTree = "<group>"; };
		B2000023 /* OBD2SignalTranslator.cpp */ = {isa = PBXFileReference; lastKnownFileType = sourcecode.cpp.cpp; name = OBD2SignalTranslator.cpp; path = ../../src/domain/OBD2SignalTranslator.cpp; sourceTree = "<group>"; };
		B2000025 /* OBD2Transport.cpp */ = {isa = PBXFileReference; lastKnownFileType = sourcecode.cpp.cpp; name = OBD2Transport.cpp; path = ../../src/ble/OBD2Transport.cpp; sourceTree = "<group>"; };
		B2000030 /* CoreBluetooth.framework */ = {isa = PBXFileReference; lastKnownFileType = wrapper.framework; name = CoreBluetooth.framework; path = System/Library/Frameworks/CoreBluetooth.framework; sourceTree = SDKROOT; };
		B2000032 /* Assets.xcassets */ = {isa = PBXFileReference; lastKnownFileType = folder.assetcatalog; path = Assets.xcassets; sourceTree = "<group>"; };
		B2000080 /* VehicleSimApp.app */ = {isa = PBXFileReference; explicitFileType = wrapper.application; includeInIndex = 0; path = VehicleSimApp.app; sourceTree = BUILT_PRODUCTS_DIR; };
		B2A00000 /* CANDecoder.cpp */ = {isa = PBXFileReference; lastKnownFileType = sourcecode.cpp.cpp; name = CANDecoder.cpp; path = ../../src/domain/CANDecoder.cpp; sourceTree = "<group>"; };
		B2A00002 /* DBCFileParser.cpp */ = {isa = PBXFileReference; lastKnownFileType = sourcecode.cpp.cpp; name = DBCFileParser.cpp; path = ../../src/domain/DBCFileParser.cpp; sourceTree = "<group>"; };
		B2A00003 /* DBCSignalDefinition.cpp */ = {isa = PBXFileReference; lastKnownFileType = sourcecode.cpp.cpp; name = DBCSignalDefinition.cpp; path = ../../src/domain/DBCSignalDefinition.cpp; sourceTree = "<group>"; };
		B2A00004 /* DBCSignalMapper.cpp */ = {isa = PBXFileReference; lastKnownFileType = sourcecode.cpp.cpp; name = DBCSignalMapper.cpp; path = ../../src/domain/DBCSignalMapper.cpp; sourceTree = "<group>"; };
		B2A00005 /* DBCSignalTranslator.cpp */ = {isa = PBXFileReference; lastKnownFileType = sourcecode.cpp.cpp; name = DBCSignalTranslator.cpp; path = ../../src/domain/DBCSignalTranslator.cpp; sourceTree = "<group>"; };
		B2A00006 /* DBCTranslationService.cpp */ = {isa = PBXFileReference; lastKnownFileType = sourcecode.cpp.cpp; name = DBCTranslationService.cpp; path = ../../src/domain/DBCTranslationService.cpp; sourceTree = "<group>"; };
		B2A00007 /* DefaultVehicleConfigs.cpp */ = {isa = PBXFileReference; lastKnownFileType = sourcecode.cpp.cpp; name = DefaultVehicleConfigs.cpp; path = ../../src/domain/DefaultVehicleConfigs.cpp; sourceTree = "<group>"; };
		B2A00008 /* ITimeProvider.cpp */ = {isa = PBXFileReference; lastKnownFileType = sourcecode.cpp.cpp; name = ITimeProvider.cpp; path = ../../src/domain/ITimeProvider.cpp; sourceTree = "<group>"; };
		B2A00009 /* OBD2SignalTranslatorBase.cpp */ = {isa = PBXFileReference; lastKnownFileType = sourcecode.cpp.cpp; name = OBD2SignalTranslatorBase.cpp; path = ../../src/domain/OBD2SignalTranslatorBase.cpp; sourceTree = "<group>"; };
		B2A0000B /* VehicleConfig.cpp */ = {isa = PBXFileReference; lastKnownFileType = sourcecode.cpp.cpp; name = VehicleConfig.cpp; path = ../../src/domain/VehicleConfig.cpp; sourceTree = "<group>"; };
		B2A0000C /* VehicleDetector.cpp */ = {isa = PBXFileReference; lastKnownFileType = sourcecode.cpp.cpp; name = VehicleDetector.cpp; path = ../../src/domain/VehicleDetector.cpp; sourceTree = "<group>"; };
		B2A0000D /* VehicleSignalFactory.cpp */ = {isa = PBXFileReference; lastKnownFileType = sourcecode.cpp.cpp; name = VehicleSignalFactory.cpp; path = ../../src/domain/VehicleSignalFactory.cpp; sourceTree = "<group>"; };
		B2A0000F /* VehicleSignalFormatter.cpp */ = {isa = PBXFileReference; lastKnownFileType = sourcecode.cpp.cpp; name = VehicleSignalFormatter.cpp; path = ../../src/presentation/VehicleSignalFormatter.cpp; sourceTree = "<group>"; };
		B2A00011 /* ELM327Transport.cpp */ = {isa = PBXFileReference; lastKnownFileType = sourcecode.cpp.cpp; name = ELM327Transport.cpp; path = ../../src/boundary/ELM327Transport.cpp; sourceTree = "<group>"; };
		B2A00012 /* OBD2Protocol.cpp */ = {isa = PBXFileReference; lastKnownFileType = sourcecode.cpp.cpp; name = OBD2Protocol.cpp; path = ../../src/boundary/OBD2Protocol.cpp; sourceTree = "<group>"; };
		B2A00014 /* Gear.h */ = {isa = PBXFileReference; lastKnownFileType = sourcecode.c.h; name = Gear.h; path = ../../include/vehicle-sim/domain/Gear.h; sourceTree = "<group>"; };
		B2A00015 /* ISignalSource.h */ = {isa = PBXFileReference; lastKnownFileType = sourcecode.c.h; name = ISignalSource.h; path = ../../include/vehicle-sim/domain/ISignalSource.h; sourceTree = "<group>"; };
		B2A00016 /* DemoSignalSource.h */ = {isa = PBXFileReference; lastKnownFileType = sourcecode.c.h; name = DemoSignalSource.h; path = ../../include/vehicle-sim/domain/DemoSignalSource.h; sourceTree = "<group>"; };
		B2A00017 /* DemoSignalSource.cpp */ = {isa = PBXFileReference; lastKnownFileType = sourcecode.cpp.cpp; name = DemoSignalSource.cpp; path = ../../src/domain/DemoSignalSource.cpp; sourceTree = "<group>"; };
		B2A00018 /* BLESignalSource.h */ = {isa = PBXFileReference; lastKnownFileType = sourcecode.c.h; name = BLESignalSource.h; path = ../../include/vehicle-sim/domain/BLESignalSource.h; sourceTree = "<group>"; };
		B2A00019 /* BLESignalSource.cpp */ = {isa = PBXFileReference; lastKnownFileType = sourcecode.cpp.cpp; name = BLESignalSource.cpp; path = ../../src/domain/BLESignalSource.cpp; sourceTree = "<group>"; };
		B2A0001A /* IOSDBCContentProvider.mm */ = {isa = PBXFileReference; lastKnownFileType = sourcecode.cpp.objcpp; name = IOSDBCContentProvider.mm; path = ../../src/domain/IOSDBCContentProvider.mm; sourceTree = "<group>"; };
		B2D00001 /* Model3CAN.dbc */ = {isa = PBXFileReference; lastKnownFileType = text; name = Model3CAN.dbc; path = ../../resources/dbc/Model3CAN.dbc; sourceTree = "<group>"; };
		B2D00002 /* vw_mlb.dbc */ = {isa = PBXFileReference; lastKnownFileType = text; name = vw_mlb.dbc; path = ../../resources/dbc/vw_mlb.dbc; sourceTree = "<group>"; };
/* End PBXFileReference section */

/* Begin PBXFrameworksBuildPhase section */
		B3000001 /* Frameworks */ = {
			isa = PBXFrameworksBuildPhase;
			buildActionMask = 2147483647;
			files = (
				B1000030 /* CoreBluetooth.framework in Frameworks */,
			);
			runOnlyForDeploymentPostprocessing = 0;
		};
/* End PBXFrameworksBuildPhase section */

/* Begin PBXGroup section */
		62BAA8EC2FA20D550073A3EE /* Recovered References */ = {
			isa = PBXGroup;
			children = (
				B2000030 /* CoreBluetooth.framework */,
				B2000032 /* Assets.xcassets */,
			);
			name = "Recovered References";
			sourceTree = "<group>";
		};
		B4000001 = {
			isa = PBXGroup;
			children = (
				B4000002,
				B4000004 /* Core (C++) */,
				B4000003 /* Products */,
				B4D00001 /* DBC Resources */,
				62BAA8EC2FA20D550073A3EE /* Recovered References */,
			);
			sourceTree = "<group>";
		};
		B4000002 = {
			isa = PBXGroup;
			children = (
				B2000001 /* VehicleSimAppApp.swift */,
				B2000002 /* ContentView.swift */,
				B2000003 /* VehicleViewModel.swift */,
				B2000004 /* VehicleSimWrapper.h */,
				B2000005 /* VehicleSimWrapper.mm */,
				B2000007 /* VehicleSim-Bridging-Header.h */,
				B2000006 /* Info.plist */,
			);
			sourceTree = "<group>";
		};
		B4000003 /* Products */ = {
			isa = PBXGroup;
			children = (
				B2000080 /* VehicleSimApp.app */,
			);
			name = Products;
			sourceTree = "<group>";
		};
		B4000004 /* Core (C++) */ = {
			isa = PBXGroup;
			children = (
				B2000010 /* VehicleSim.cpp */,
				B2000011 /* TelemetryFormatter.cpp */,
				B2000012 /* BLEManager.cpp */,
				B2000013 /* BLEManagerBase.cpp */,
				B2000014 /* TeslaBLETransport.cpp */,
				B2000015 /* BLEManagerMock.cpp */,
				B2000016 /* ConfigLoader.cpp */,
				B2000017 /* VehicleSignal.cpp */,
				B2000018 /* TelemetrySignal.cpp */,
				B2000021 /* EventDispatcher.cpp */,
				B2000022 /* BLEManageriOS.mm */,
				B2000023 /* OBD2SignalTranslator.cpp */,
				B2000025 /* OBD2Transport.cpp */,
				B2A00000 /* CANDecoder.cpp */,
				B2A00002 /* DBCFileParser.cpp */,
				B2A00003 /* DBCSignalDefinition.cpp */,
				B2A00004 /* DBCSignalMapper.cpp */,
				B2A00005 /* DBCSignalTranslator.cpp */,
				B2A00006 /* DBCTranslationService.cpp */,
				B2A00007 /* DefaultVehicleConfigs.cpp */,
				B2A00008 /* ITimeProvider.cpp */,
				B2A00009 /* OBD2SignalTranslatorBase.cpp */,
				B2A0000B /* VehicleConfig.cpp */,
				B2A0000C /* VehicleDetector.cpp */,
				B2A0000D /* VehicleSignalFactory.cpp */,
				B2A0000F /* VehicleSignalFormatter.cpp */,
				B2A00011 /* ELM327Transport.cpp */,
				B2A00012 /* OBD2Protocol.cpp */,
				B2A00014 /* Gear.h */,
				B2A00015 /* ISignalSource.h */,
				B2A00016 /* DemoSignalSource.h */,
				B2A00017 /* DemoSignalSource.cpp */,
				B2A00018 /* BLESignalSource.h */,
				B2A00019 /* BLESignalSource.cpp */,
				B2A0001A /* IOSDBCContentProvider.mm */,
			);
			name = "Core (C++)";
			sourceTree = "<group>";
		};
		B4D00001 /* DBC Resources */ = {
			isa = PBXGroup;
			children = (
				B2D00001 /* Model3CAN.dbc */,
				B2D00002 /* vw_mlb.dbc */,
			);
			name = "DBC Resources";
			sourceTree = "<group>";
		};
/* End PBXGroup section */

/* Begin PBXNativeTarget section */
		B5000001 /* VehicleSimApp */ = {
			isa = PBXNativeTarget;
			buildConfigurationList = B6000001 /* Build configuration list for PBXNativeTarget "VehicleSimApp" */;
			buildPhases = (
				B3000001 /* Frameworks */,
				B3000002 /* Sources */,
				B3000003 /* Resources */,
			);
			buildRules = (
			);
			dependencies = (
			);
			name = VehicleSimApp;
			productName = VehicleSimApp;
			productReference = B2000080 /* VehicleSimApp.app */;
			productType = "com.apple.product-type.application";
		};
/* End PBXNativeTarget section */

/* Begin PBXProject section */
		B7000001 /* Project object */ = {
			isa = PBXProject;
			attributes = {
				BuildIndependentTargetsInParallel = NO;
				LastSwiftUpdateCheck = 1610;
				LastUpgradeCheck = 1610;
				TargetAttributes = {
					B5000001 = {
						CreatedOnToolsVersion = 16.0;
					};
				};
			};
			buildConfigurationList = B6000002 /* Build configuration list for PBXProject "VehicleSimApp" */;
			compatibilityVersion = "Xcode 14.0";
			developmentRegion = en;
			hasScannedForEncodings = 0;
			knownRegions = (
				en,
				Base,
			);
			mainGroup = B4000001;
			productRefGroup = B4000003 /* Products */;
			projectDirPath = "";
			projectRoot = "";
			targets = (
				B5000001 /* VehicleSimApp */,
			);
		};
/* End PBXProject section */

/* Begin PBXResourcesBuildPhase section */
		B3000003 /* Resources */ = {
			isa = PBXResourcesBuildPhase;
			buildActionMask = 2147483647;
			files = (
				B1000032 /* Assets.xcassets in Resources */,
				B1D00001 /* Model3CAN.dbc in Resources */,
				B1D00002 /* vw_mlb.dbc in Resources */,
			);
			runOnlyForDeploymentPostprocessing = 0;
		};
/* End PBXResourcesBuildPhase section */

/* Begin PBXSourcesBuildPhase section */
		B3000002 /* Sources */ = {
			isa = PBXSourcesBuildPhase;
			buildActionMask = 2147483647;
			files = (
				B1000001 /* VehicleSimAppApp.swift in Sources */,
				B1000002 /* ContentView.swift in Sources */,
				B1000003 /* VehicleViewModel.swift in Sources */,
				B1000005 /* VehicleSimWrapper.mm in Sources */,
				B1000010 /* VehicleSim.cpp in Sources */,
				B1000011 /* TelemetryFormatter.cpp in Sources */,
				B1000012 /* BLEManager.cpp in Sources */,
				B1000013 /* BLEManagerBase.cpp in Sources */,
				B1000014 /* TeslaBLETransport.cpp in Sources */,
				B1000015 /* BLEManagerMock.cpp in Sources */,
				B1000016 /* ConfigLoader.cpp in Sources */,
				B1000017 /* VehicleSignal.cpp in Sources */,
				B1000018 /* TelemetrySignal.cpp in Sources */,
				B1000021 /* EventDispatcher.cpp in Sources */,
				B1000022 /* BLEManageriOS.mm in Sources */,
				B1000023 /* OBD2SignalTranslator.cpp in Sources */,
				B1000025 /* OBD2Transport.cpp in Sources */,
				B1A00000 /* CANDecoder.cpp in Sources */,
				B1A00002 /* DBCFileParser.cpp in Sources */,
				B1A00003 /* DBCSignalDefinition.cpp in Sources */,
				B1A00004 /* DBCSignalMapper.cpp in Sources */,
				B1A00005 /* DBCSignalTranslator.cpp in Sources */,
				B1A00006 /* DBCTranslationService.cpp in Sources */,
				B1A00007 /* DefaultVehicleConfigs.cpp in Sources */,
				B1A00008 /* ITimeProvider.cpp in Sources */,
				B1A00009 /* OBD2SignalTranslatorBase.cpp in Sources */,
				B1A0000B /* VehicleConfig.cpp in Sources */,
				B1A0000C /* VehicleDetector.cpp in Sources */,
				B1A0000D /* VehicleSignalFactory.cpp in Sources */,
				B1A0000F /* VehicleSignalFormatter.cpp in Sources */,
			B1A00011 /* ELM327Transport.cpp in Sources */,
			B1A00012 /* OBD2Protocol.cpp in Sources */,
				B1A00014 /* Gear.h in Sources */,
				B1A00015 /* ISignalSource.h in Sources */,
				B1A00016 /* DemoSignalSource.h in Sources */,
				B1A00017 /* DemoSignalSource.cpp in Sources */,
				B1A00018 /* BLESignalSource.h in Sources */,
				B1A00019 /* BLESignalSource.cpp in Sources */,
				B1A0001A /* IOSDBCContentProvider.mm in Sources */,
			);
			runOnlyForDeploymentPostprocessing = 0;
		};
/* End PBXSourcesBuildPhase section */

/* Begin XCBuildConfiguration section */
		B8000001 /* Debug */ = {
			isa = XCBuildConfiguration;
			buildSettings = {
				ALWAYS_SEARCH_USER_PATHS = NO;
				ASSETCATALOG_COMPILER_APPICON_NAME = AppIcon;
				ASSETCATALOG_COMPILER_GENERATE_SWIFT_ASSET_SYMBOL_EXTENSIONS = YES;
				CLANG_ANALYZER_NONNULL = YES;
				CLANG_ANALYZER_NUMBER_OBJECT_CONVERSION = YES_AGGRESSIVE;
				CLANG_CXX_LANGUAGE_STANDARD = "gnu++17";
				CLANG_ENABLE_OBJC_ARC = YES;
				CLANG_ENABLE_OBJC_WEAK = YES;
				CLANG_WARN_BLOCK_CAPTURE_AUTORELEASING = YES;
				CLANG_WARN_BOOL_CONVERSION = YES;
				CLANG_WARN_COMMA = YES;
				CLANG_WARN_CONSTANT_CONVERSION = YES;
				CLANG_WARN_DEPRECATED_OBJC_IMPLEMENTATIONS = YES;
				CLANG_WARN_DIRECT_OBJC_ISA_USAGE = YES_ERROR;
				CLANG_WARN_DOCUMENTATION_COMMENTS = YES;
				CLANG_WARN_EMPTY_BODY = YES;
				CLANG_WARN_ENUM_CONVERSION = YES;
				CLANG_WARN_INFINITE_RECURSION = YES;
				CLANG_WARN_INT_CONVERSION = YES;
				CLANG_WARN_NON_LITERAL_NULL_CONVERSION = YES;
				CLANG_WARN_OBJC_IMPLICIT_RETAIN_SELF = YES;
				CLANG_WARN_OBJC_LITERAL_CONVERSION = YES;
				CLANG_WARN_OBJC_ROOT_CLASS = YES_ERROR;
				CLANG_WARN_QUOTED_INCLUDE_IN_FRAMEWORK_HEADER = YES;
				CLANG_WARN_RANGE_LOOP_ANALYSIS = YES;
				CLANG_WARN_STRICT_PROTOTYPES = YES;
				CLANG_WARN_SUSPICIOUS_MOVE = YES;
				CLANG_WARN_UNGUARDED_AVAILABILITY = YES_AGGRESSIVE;
				CLANG_WARN_UNREACHABLE_CODE = YES;
				CLANG_WARN__DUPLICATE_METHOD_MATCH = YES;
				COPY_PHASE_STRIP = NO;
				DEBUG_INFORMATION_FORMAT = dwarf;
				CODE_SIGN_IDENTITY = "Apple Development";
				CODE_SIGN_STYLE = Automatic;
				DEVELOPMENT_TEAM = 2KQ24XG2P4;
				ENABLE_STRICT_OBJC_MSGSEND = YES;
				ENABLE_TESTABILITY = YES;
				ENABLE_USER_SCRIPT_SANDBOXING = NO;
				GCC_C_LANGUAGE_STANDARD = gnu11;
				GCC_DYNAMIC_NO_PIC = NO;
				GCC_NO_COMMON_BLOCKS = YES;
				GCC_OPTIMIZATION_LEVEL = 0;
				GCC_PREPROCESSOR_DEFINITIONS = (
					"DEBUG=1",
					"$(inherited)",
				);
				GCC_WARN_64_TO_32_BIT_CONVERSION = YES;
				GCC_WARN_ABOUT_RETURN_TYPE = YES_ERROR;
				GCC_WARN_UNDECLARED_SELECTOR = YES;
				GCC_WARN_UNINITIALIZED_AUTOS = YES_AGGRESSIVE;
				GCC_WARN_UNUSED_FUNCTION = YES;
				GCC_WARN_UNUSED_VARIABLE = YES;
				GENERATE_INFOPLIST_FILE = YES;
				HEADER_SEARCH_PATHS = (
					"$(inherited)",
					"$(PROJECT_DIR)/../../include",
					"$(PROJECT_DIR)/../../src",
				);
				INFOPLIST_FILE = Info.plist;
				INFOPLIST_KEY_UILaunchScreen_Generation = YES;
				INFOPLIST_KEY_UIRequiresFullScreen = YES;
				INFOPLIST_KEY_UISupportedInterfaceOrientations_iPad = "UIInterfaceOrientationPortrait UIInterfaceOrientationPortraitUpsideDown UIInterfaceOrientationLandscapeLeft UIInterfaceOrientationLandscapeRight";
				INFOPLIST_KEY_UISupportedInterfaceOrientations_iPhone = "UIInterfaceOrientationPortrait UIInterfaceOrientationLandscapeLeft UIInterfaceOrientationLandscapeRight";
				IPHONEOS_DEPLOYMENT_TARGET = 18.0;
				LD_RUNPATH_SEARCH_PATHS = (
					"$(inherited)",
					"@executable_path/Frameworks",
				);
				MTL_ENABLE_DEBUG_INFO = INCLUDE_SOURCE;
				MTL_FAST_MATH = YES;
				ONLY_ACTIVE_ARCH = YES;
				PRODUCT_BUNDLE_IDENTIFIER = com.axxiant.vehiclesim;
				PRODUCT_NAME = "$(TARGET_NAME)";
				SDKROOT = iphoneos;
				SUPPORTED_PLATFORMS = "iphoneos iphonesimulator";
				SUPPORTS_MACCATALYST = NO;
				SUPPORTS_XR_DESIGNED_FOR_IPHONE_IPAD = NO;
				SWIFT_ACTIVE_COMPILATION_CONDITIONS = DEBUG;
				SWIFT_OBJC_BRIDGING_HEADER = "VehicleSim-Bridging-Header.h";
				SWIFT_OPTIMIZATION_LEVEL = "-Onone";
				SWIFT_VERSION = 5.0;
				TARGETED_DEVICE_FAMILY = "1,2";
			};
			name = Debug;
		};
		B8000002 /* Release */ = {
			isa = XCBuildConfiguration;
			buildSettings = {
				ALWAYS_SEARCH_USER_PATHS = NO;
				ASSETCATALOG_COMPILER_APPICON_NAME = AppIcon;
				ASSETCATALOG_COMPILER_GENERATE_SWIFT_ASSET_SYMBOL_EXTENSIONS = YES;
				CLANG_ANALYZER_NONNULL = YES;
				CLANG_ANALYZER_NUMBER_OBJECT_CONVERSION = YES_AGGRESSIVE;
				CLANG_CXX_LANGUAGE_STANDARD = "gnu++17";
				CLANG_ENABLE_OBJC_ARC = YES;
				CLANG_ENABLE_OBJC_WEAK = YES;
				CLANG_WARN_BLOCK_CAPTURE_AUTORELEASING = YES;
				CLANG_WARN_BOOL_CONVERSION = YES;
				CLANG_WARN_COMMA = YES;
				CLANG_WARN_CONSTANT_CONVERSION = YES;
				CLANG_WARN_DEPRECATED_OBJC_IMPLEMENTATIONS = YES;
				CLANG_WARN_DIRECT_OBJC_ISA_USAGE = YES_ERROR;
				CLANG_WARN_DOCUMENTATION_COMMENTS = YES;
				CLANG_WARN_EMPTY_BODY = YES;
				CLANG_WARN_ENUM_CONVERSION = YES;
				CLANG_WARN_INFINITE_RECURSION = YES;
				CLANG_WARN_INT_CONVERSION = YES;
				CLANG_WARN_NON_LITERAL_NULL_CONVERSION = YES;
				CLANG_WARN_OBJC_IMPLICIT_RETAIN_SELF = YES;
				CLANG_WARN_OBJC_LITERAL_CONVERSION = YES;
				CLANG_WARN_OBJC_ROOT_CLASS = YES_ERROR;
				CLANG_WARN_QUOTED_INCLUDE_IN_FRAMEWORK_HEADER = YES;
				CLANG_WARN_RANGE_LOOP_ANALYSIS = YES;
				CLANG_WARN_STRICT_PROTOTYPES = YES;
				CLANG_WARN_SUSPICIOUS_MOVE = YES;
				CLANG_WARN_UNGUARDED_AVAILABILITY = YES_AGGRESSIVE;
				CLANG_WARN_UNREACHABLE_CODE = YES;
				CLANG_WARN__DUPLICATE_METHOD_MATCH = YES;
				COPY_PHASE_STRIP = NO;
				DEBUG_INFORMATION_FORMAT = "dwarf-with-dsym";
				CODE_SIGN_IDENTITY = "Apple Development";
				CODE_SIGN_STYLE = Automatic;
				DEVELOPMENT_TEAM = 2KQ24XG2P4;
				ENABLE_NS_ASSERTIONS = NO;
				ENABLE_STRICT_OBJC_MSGSEND = YES;
				ENABLE_USER_SCRIPT_SANDBOXING = NO;
				GCC_C_LANGUAGE_STANDARD = gnu11;
				GCC_NO_COMMON_BLOCKS = YES;
				GCC_WARN_64_TO_32_BIT_CONVERSION = YES;
				GCC_WARN_ABOUT_RETURN_TYPE = YES_ERROR;
				GCC_WARN_UNDECLARED_SELECTOR = YES;
				GCC_WARN_UNINITIALIZED_AUTOS = YES_AGGRESSIVE;
				GCC_WARN_UNUSED_FUNCTION = YES;
				GCC_WARN_UNUSED_VARIABLE = YES;
				GENERATE_INFOPLIST_FILE = YES;
				HEADER_SEARCH_PATHS = (
					"$(inherited)",
					"$(PROJECT_DIR)/../../include",
					"$(PROJECT_DIR)/../../src",
				);
				INFOPLIST_FILE = Info.plist;
				INFOPLIST_KEY_UILaunchScreen_Generation = YES;
				INFOPLIST_KEY_UIRequiresFullScreen = YES;
				IPHONEOS_DEPLOYMENT_TARGET = 18.0;
				LD_RUNPATH_SEARCH_PATHS = (
					"$(inherited)",
					"@executable_path/Frameworks",
				);
				MTL_ENABLE_DEBUG_INFO = NO;
				MTL_FAST_MATH = YES;
				PRODUCT_BUNDLE_IDENTIFIER = com.axxiant.vehiclesim;
				PRODUCT_NAME = "$(TARGET_NAME)";
				SDKROOT = iphoneos;
				SUPPORTED_PLATFORMS = "iphoneos iphonesimulator";
				SUPPORTS_MACCATALYST = NO;
				SUPPORTS_XR_DESIGNED_FOR_IPHONE_IPAD = NO;
				SWIFT_COMPILATION_MODE = wholemodule;
				SWIFT_OBJC_BRIDGING_HEADER = "VehicleSim-Bridging-Header.h";
				SWIFT_OPTIMIZATION_LEVEL = "-O";
				SWIFT_VERSION = 5.0;
				TARGETED_DEVICE_FAMILY = "1,2";
				VALIDATE_PRODUCT = YES;
			};
			name = Release;
		};
		B8000003 /* Debug */ = {
			isa = XCBuildConfiguration;
			buildSettings = {
				ALWAYS_SEARCH_USER_PATHS = NO;
				CLANG_ANALYZER_NONNULL = YES;
				CLANG_ANALYZER_NUMBER_OBJECT_CONVERSION = YES_AGGRESSIVE;
				CLANG_CXX_LANGUAGE_STANDARD = "gnu++17";
				CLANG_ENABLE_OBJC_ARC = YES;
				CLANG_ENABLE_OBJC_WEAK = YES;
				CLANG_WARN_DOCUMENTATION_COMMENTS = YES;
				CLANG_WARN_OBJC_ROOT_CLASS = YES_ERROR;
				CLANG_WARN_UNGUARDED_AVAILABILITY = YES_AGGRESSIVE;
				GCC_C_LANGUAGE_STANDARD = gnu11;
				GCC_WARN_ABOUT_RETURN_TYPE = YES_ERROR;
				GCC_WARN_UNINITIALIZED_AUTOS = YES_AGGRESSIVE;
				GCC_WARN_UNUSED_VARIABLE = YES;
				HEADER_SEARCH_PATHS = (
					"$(inherited)",
					"$(PROJECT_DIR)/../../include",
					"$(PROJECT_DIR)/../../src",
				);
				IPHONEOS_DEPLOYMENT_TARGET = 18.0;
				MTL_ENABLE_DEBUG_INFO = NO;
				SUPPORTED_PLATFORMS = "iphoneos iphonesimulator";
				SWIFT_OBJC_BRIDGING_HEADER = "VehicleSim-Bridging-Header.h";
				SWIFT_VERSION = 5.0;
			};
			name = Debug;
		};
		B8000004 /* Release */ = {
			isa = XCBuildConfiguration;
			buildSettings = {
				ALWAYS_SEARCH_USER_PATHS = NO;
				CLANG_ANALYZER_NONNULL = YES;
				CLANG_ANALYZER_NUMBER_OBJECT_CONVERSION = YES_AGGRESSIVE;
				CLANG_CXX_LANGUAGE_STANDARD = "gnu++17";
				CLANG_ENABLE_OBJC_ARC = YES;
				CLANG_ENABLE_OBJC_WEAK = YES;
				CLANG_WARN_DOCUMENTATION_COMMENTS = YES;
				CLANG_WARN_OBJC_ROOT_CLASS = YES_ERROR;
				CLANG_WARN_UNGUARDED_AVAILABILITY = YES_AGGRESSIVE;
				GCC_C_LANGUAGE_STANDARD = gnu11;
				GCC_WARN_ABOUT_RETURN_TYPE = YES_ERROR;
				GCC_WARN_UNINITIALIZED_AUTOS = YES_AGGRESSIVE;
				GCC_WARN_UNUSED_VARIABLE = YES;
				HEADER_SEARCH_PATHS = (
					"$(inherited)",
					"$(PROJECT_DIR)/../../include",
					"$(PROJECT_DIR)/../../src",
				);
				IPHONEOS_DEPLOYMENT_TARGET = 18.0;
				MTL_ENABLE_DEBUG_INFO = NO;
				SUPPORTED_PLATFORMS = "iphoneos iphonesimulator";
				SWIFT_OBJC_BRIDGING_HEADER = "VehicleSim-Bridging-Header.h";
				SWIFT_VERSION = 5.0;
			};
			name = Release;
		};
/* End XCBuildConfiguration section */

/* Begin XCConfigurationList section */
		B6000001 /* Build configuration list for PBXNativeTarget "VehicleSimApp" */ = {
			isa = XCConfigurationList;
			buildConfigurations = (
				B8000001 /* Debug */,
				B8000002 /* Release */,
			);
			defaultConfigurationIsVisible = 0;
			defaultConfigurationName = Release;
		};
		B6000002 /* Build configuration list for PBXProject "VehicleSimApp" */ = {
			isa = XCConfigurationList;
			buildConfigurations = (
				B8000003 /* Debug */,
				B8000004 /* Release */,
			);
			defaultConfigurationIsVisible = 0;
			defaultConfigurationName = Release;
		};
/* End XCConfigurationList section */
	};
	rootObject = B7000001 /* Project object */;
}
